
Microsoft Visual Studio Solution File, Format Version 12.00
# Visual Studio Version 17
VisualStudioVersion = 17.11.35312.102
MinimumVisualStudioVersion = 10.0.40219.1
Project("{9A19103F-16F7-4668-BE54-9A1E7A4F7556}") = "BeyondNet.Ddd.Es", "BeyondNet.Ddd.Es\BeyondNet.Ddd.Es.csproj", "{10753693-4076-4FA5-9FA6-1617AAEB44D9}"
EndProject
Project("{2150E333-8FDC-42A3-9474-1A3956D46DE8}") = "Package", "Package", "{4548C402-915E-4735-BA23-A158BAFE0E0C}"
EndProject
Project("{2150E333-8FDC-42A3-9474-1A3956D46DE8}") = "Demo", "Demo", "{14CD4D3F-0255-46FF-A876-788019D4DB47}"
EndProject
Project("{E24C65DC-7377-472B-9ABA-BC803B73C61A}") = "Docker", "Docker\", "{1753438A-26DC-4984-924C-24E3088EB7F8}"
	ProjectSection(WebsiteProperties) = preProject
		TargetFrameworkMoniker = ".NETFramework,Version%3Dv4.0"
		Debug.AspNetCompiler.VirtualPath = "/localhost_52348"
		Debug.AspNetCompiler.PhysicalPath = "Docker\"
		Debug.AspNetCompiler.TargetPath = "PrecompiledWeb\localhost_52348\"
		Debug.AspNetCompiler.Updateable = "true"
		Debug.AspNetCompiler.ForceOverwrite = "true"
		Debug.AspNetCompiler.FixedNames = "false"
		Debug.AspNetCompiler.Debug = "True"
		Release.AspNetCompiler.VirtualPath = "/localhost_52348"
		Release.AspNetCompiler.PhysicalPath = "Docker\"
		Release.AspNetCompiler.TargetPath = "PrecompiledWeb\localhost_52348\"
		Release.AspNetCompiler.Updateable = "true"
		Release.AspNetCompiler.ForceOverwrite = "true"
		Release.AspNetCompiler.FixedNames = "false"
		Release.AspNetCompiler.Debug = "False"
		VWDPort = "52348"
		SlnRelativePath = "Docker\"
	EndProjectSection
EndProject
Project("{9A19103F-16F7-4668-BE54-9A1E7A4F7556}") = "BeyondNet.Ddd.Es.MongoDb", "BeyondNet.Ddd.Es.MongoDb\BeyondNet.Ddd.Es.MongoDb.csproj", "{34D3960D-0F34-42C8-B05B-A76476147280}"
EndProject
Project("{9A19103F-16F7-4668-BE54-9A1E7A4F7556}") = "BeyondNet.Ddd.Es.EfSql", "BeyondNet.Ddd.Es.EfSql\BeyondNet.Ddd.Es.EfSql.csproj", "{5CA3A85D-19B4-4DC7-B2CE-B8DA0E30AA8C}"
EndProject
Project("{2150E333-8FDC-42A3-9474-1A3956D46DE8}") = "Post.Cmd", "Post.Cmd", "{3790419A-71A0-4242-84FC-EB6C7C2862EC}"
EndProject
Project("{2150E333-8FDC-42A3-9474-1A3956D46DE8}") = "Post.Common", "Post.Common", "{432F500B-75FE-44F4-ACE5-808D2769E004}"
EndProject
Project("{2150E333-8FDC-42A3-9474-1A3956D46DE8}") = "Post.Query", "Post.Query", "{E02A37B8-36A7-4A87-9B4D-7682C66F1BB6}"
EndProject
Project("{9A19103F-16F7-4668-BE54-9A1E7A4F7556}") = "Post.Cmd.Api", "Demo\Post.Cmd\Post.Cmd.Api\Post.Cmd.Api.csproj", "{DE880359-6DC1-4DF2-AB2A-EBDEDFE4D910}"
EndProject
Project("{9A19103F-16F7-4668-BE54-9A1E7A4F7556}") = "Post.Cmd.Domain", "Demo\Post.Cmd\Post.Cmd.Domain\Post.Cmd.Domain.csproj", "{9D7C6DAE-182C-4364-85CA-07BD99D30365}"
EndProject
Project("{9A19103F-16F7-4668-BE54-9A1E7A4F7556}") = "Post.Cmd.Infrastructure", "Demo\Post.Cmd\Post.Cmd.Infrastructure\Post.Cmd.Infrastructure.csproj", "{E9A59A96-C6E7-450C-8047-B2BDCFD7736E}"
EndProject
Project("{9A19103F-16F7-4668-BE54-9A1E7A4F7556}") = "Post.Common", "Demo\Post.Common\Post.Common.csproj", "{B748FBA5-BCEA-414F-889F-311880007147}"
EndProject
Project("{9A19103F-16F7-4668-BE54-9A1E7A4F7556}") = "Post.Query.Api", "Demo\Post.Query\Post.Query.Api\Post.Query.Api.csproj", "{55DC4649-8684-46F0-83C0-89D3AB83C5A3}"
EndProject
Project("{9A19103F-16F7-4668-BE54-9A1E7A4F7556}") = "Post.Query.Domain", "Demo\Post.Query\Post.Query.Domain\Post.Query.Domain.csproj", "{C6885358-B515-48C6-9B41-1951147ECCA0}"
EndProject
Project("{9A19103F-16F7-4668-BE54-9A1E7A4F7556}") = "Post.Query.Infrastructure", "Demo\Post.Query\Post.Query.Infrastructure\Post.Query.Infrastructure.csproj", "{DEAB9C7D-75B2-4397-BDD1-EC36109972ED}"
EndProject
Project("{2150E333-8FDC-42A3-9474-1A3956D46DE8}") = "Solution Items", "Solution Items", "{5E0C1067-529F-4BE4-8864-16EFC7198831}"
	ProjectSection(SolutionItems) = preProject
		.vscode\launch.json = .vscode\launch.json
	EndProjectSection
EndProject
Global
	GlobalSection(SolutionConfigurationPlatforms) = preSolution
		Debug|Any CPU = Debug|Any CPU
		Release|Any CPU = Release|Any CPU
	EndGlobalSection
	GlobalSection(ProjectConfigurationPlatforms) = postSolution
		{10753693-4076-4FA5-9FA6-1617AAEB44D9}.Debug|Any CPU.ActiveCfg = Debug|Any CPU
		{10753693-4076-4FA5-9FA6-1617AAEB44D9}.Debug|Any CPU.Build.0 = Debug|Any CPU
		{10753693-4076-4FA5-9FA6-1617AAEB44D9}.Release|Any CPU.ActiveCfg = Release|Any CPU
		{10753693-4076-4FA5-9FA6-1617AAEB44D9}.Release|Any CPU.Build.0 = Release|Any CPU
		{1753438A-26DC-4984-924C-24E3088EB7F8}.Debug|Any CPU.ActiveCfg = Debug|Any CPU
		{1753438A-26DC-4984-924C-24E3088EB7F8}.Debug|Any CPU.Build.0 = Debug|Any CPU
		{1753438A-26DC-4984-924C-24E3088EB7F8}.Release|Any CPU.ActiveCfg = Debug|Any CPU
		{1753438A-26DC-4984-924C-24E3088EB7F8}.Release|Any CPU.Build.0 = Debug|Any CPU
		{34D3960D-0F34-42C8-B05B-A76476147280}.Debug|Any CPU.ActiveCfg = Debug|Any CPU
		{34D3960D-0F34-42C8-B05B-A76476147280}.Debug|Any CPU.Build.0 = Debug|Any CPU
		{34D3960D-0F34-42C8-B05B-A76476147280}.Release|Any CPU.ActiveCfg = Release|Any CPU
		{34D3960D-0F34-42C8-B05B-A76476147280}.Release|Any CPU.Build.0 = Release|Any CPU
		{5CA3A85D-19B4-4DC7-B2CE-B8DA0E30AA8C}.Debug|Any CPU.ActiveCfg = Debug|Any CPU
		{5CA3A85D-19B4-4DC7-B2CE-B8DA0E30AA8C}.Debug|Any CPU.Build.0 = Debug|Any CPU
		{5CA3A85D-19B4-4DC7-B2CE-B8DA0E30AA8C}.Release|Any CPU.ActiveCfg = Release|Any CPU
		{5CA3A85D-19B4-4DC7-B2CE-B8DA0E30AA8C}.Release|Any CPU.Build.0 = Release|Any CPU
		{DE880359-6DC1-4DF2-AB2A-EBDEDFE4D910}.Debug|Any CPU.ActiveCfg = Debug|Any CPU
		{DE880359-6DC1-4DF2-AB2A-EBDEDFE4D910}.Debug|Any CPU.Build.0 = Debug|Any CPU
		{DE880359-6DC1-4DF2-AB2A-EBDEDFE4D910}.Release|Any CPU.ActiveCfg = Release|Any CPU
		{DE880359-6DC1-4DF2-AB2A-EBDEDFE4D910}.Release|Any CPU.Build.0 = Release|Any CPU
		{9D7C6DAE-182C-4364-85CA-07BD99D30365}.Debug|Any CPU.ActiveCfg = Debug|Any CPU
		{9D7C6DAE-182C-4364-85CA-07BD99D30365}.Debug|Any CPU.Build.0 = Debug|Any CPU
		{9D7C6DAE-182C-4364-85CA-07BD99D30365}.Release|Any CPU.ActiveCfg = Release|Any CPU
		{9D7C6DAE-182C-4364-85CA-07BD99D30365}.Release|Any CPU.Build.0 = Release|Any CPU
		{E9A59A96-C6E7-450C-8047-B2BDCFD7736E}.Debug|Any CPU.ActiveCfg = Debug|Any CPU
		{E9A59A96-C6E7-450C-8047-B2BDCFD7736E}.Debug|Any CPU.Build.0 = Debug|Any CPU
		{E9A59A96-C6E7-450C-8047-B2BDCFD7736E}.Release|Any CPU.ActiveCfg = Release|Any CPU
		{E9A59A96-C6E7-450C-8047-B2BDCFD7736E}.Release|Any CPU.Build.0 = Release|Any CPU
		{B748FBA5-BCEA-414F-889F-311880007147}.Debug|Any CPU.ActiveCfg = Debug|Any CPU
		{B748FBA5-BCEA-414F-889F-311880007147}.Debug|Any CPU.Build.0 = Debug|Any CPU
		{B748FBA5-BCEA-414F-889F-311880007147}.Release|Any CPU.ActiveCfg = Release|Any CPU
		{B748FBA5-BCEA-414F-889F-311880007147}.Release|Any CPU.Build.0 = Release|Any CPU
		{55DC4649-8684-46F0-83C0-89D3AB83C5A3}.Debug|Any CPU.ActiveCfg = Debug|Any CPU
		{55DC4649-8684-46F0-83C0-89D3AB83C5A3}.Debug|Any CPU.Build.0 = Debug|Any CPU
		{55DC4649-8684-46F0-83C0-89D3AB83C5A3}.Release|Any CPU.ActiveCfg = Release|Any CPU
		{55DC4649-8684-46F0-83C0-89D3AB83C5A3}.Release|Any CPU.Build.0 = Release|Any CPU
		{C6885358-B515-48C6-9B41-1951147ECCA0}.Debug|Any CPU.ActiveCfg = Debug|Any CPU
		{C6885358-B515-48C6-9B41-1951147ECCA0}.Debug|Any CPU.Build.0 = Debug|Any CPU
		{C6885358-B515-48C6-9B41-1951147ECCA0}.Release|Any CPU.ActiveCfg = Release|Any CPU
		{C6885358-B515-48C6-9B41-1951147ECCA0}.Release|Any CPU.Build.0 = Release|Any CPU
		{DEAB9C7D-75B2-4397-BDD1-EC36109972ED}.Debug|Any CPU.ActiveCfg = Debug|Any CPU
		{DEAB9C7D-75B2-4397-BDD1-EC36109972ED}.Debug|Any CPU.Build.0 = Debug|Any CPU
		{DEAB9C7D-75B2-4397-BDD1-EC36109972ED}.Release|Any CPU.ActiveCfg = Release|Any CPU
		{DEAB9C7D-75B2-4397-BDD1-EC36109972ED}.Release|Any CPU.Build.0 = Release|Any CPU
	EndGlobalSection
	GlobalSection(SolutionProperties) = preSolution
		HideSolutionNode = FALSE
	EndGlobalSection
	GlobalSection(NestedProjects) = preSolution
		{10753693-4076-4FA5-9FA6-1617AAEB44D9} = {4548C402-915E-4735-BA23-A158BAFE0E0C}
		{34D3960D-0F34-42C8-B05B-A76476147280} = {4548C402-915E-4735-BA23-A158BAFE0E0C}
		{5CA3A85D-19B4-4DC7-B2CE-B8DA0E30AA8C} = {4548C402-915E-4735-BA23-A158BAFE0E0C}
		{3790419A-71A0-4242-84FC-EB6C7C2862EC} = {14CD4D3F-0255-46FF-A876-788019D4DB47}
		{432F500B-75FE-44F4-ACE5-808D2769E004} = {14CD4D3F-0255-46FF-A876-788019D4DB47}
		{E02A37B8-36A7-4A87-9B4D-7682C66F1BB6} = {14CD4D3F-0255-46FF-A876-788019D4DB47}
		{DE880359-6DC1-4DF2-AB2A-EBDEDFE4D910} = {3790419A-71A0-4242-84FC-EB6C7C2862EC}
		{9D7C6DAE-182C-4364-85CA-07BD99D30365} = {3790419A-71A0-4242-84FC-EB6C7C2862EC}
		{E9A59A96-C6E7-450C-8047-B2BDCFD7736E} = {3790419A-71A0-4242-84FC-EB6C7C2862EC}
		{B748FBA5-BCEA-414F-889F-311880007147} = {432F500B-75FE-44F4-ACE5-808D2769E004}
		{55DC4649-8684-46F0-83C0-89D3AB83C5A3} = {E02A37B8-36A7-4A87-9B4D-7682C66F1BB6}
		{C6885358-B515-48C6-9B41-1951147ECCA0} = {E02A37B8-36A7-4A87-9B4D-7682C66F1BB6}
		{DEAB9C7D-75B2-4397-BDD1-EC36109972ED} = {E02A37B8-36A7-4A87-9B4D-7682C66F1BB6}
	EndGlobalSection
	GlobalSection(ExtensibilityGlobals) = postSolution
		SolutionGuid = {BF43E7C3-2FB9-49CF-A214-24BBAB8C7219}
	EndGlobalSection
EndGlobal
