
Microsoft Visual Studio Solution File, Format Version 12.00
# Visual Studio Version 17
VisualStudioVersion = 17.11.35312.102
MinimumVisualStudioVersion = 10.0.40219.1
Project("{9A19103F-16F7-4668-BE54-9A1E7A4F7556}") = "BeyondNet.Ddd.Es", "BeyondNet.Ddd.Es\BeyondNet.Ddd.Es.csproj", "{10753693-4076-4FA5-9FA6-1617AAEB44D9}"
EndProject
Project("{9A19103F-16F7-4668-BE54-9A1E7A4F7556}") = "BeyondNet.Ddd.Es.EntityFrameworkSql", "BeyondNet.Ddd.Es.EntityFrameworkSql\BeyondNet.Ddd.Es.EntityFrameworkSql.csproj", "{48566C47-607D-4D88-BBF9-AF19FC052A2F}"
EndProject
Project("{9A19103F-16F7-4668-BE54-9A1E7A4F7556}") = "BeyondNet.Ddd.Es.Test", "BeyondNet.Ddd.Es.Test\BeyondNet.Ddd.Es.Test.csproj", "{1618B9FC-69E6-416B-8DCA-C5A8C7CEF60F}"
EndProject
Project("{9A19103F-16F7-4668-BE54-9A1E7A4F7556}") = "BeyondNet.Ddd.Es.ConsoleApp", "BeyondNet.Ddd.Es.ConsoleApp\BeyondNet.Ddd.Es.ConsoleApp.csproj", "{90CFA4EE-D190-4343-A413-A4EA076F1BEC}"
EndProject
Project("{2150E333-8FDC-42A3-9474-1A3956D46DE8}") = "Package", "Package", "{4548C402-915E-4735-BA23-A158BAFE0E0C}"
EndProject
Project("{2150E333-8FDC-42A3-9474-1A3956D46DE8}") = "Demo", "Demo", "{14CD4D3F-0255-46FF-A876-788019D4DB47}"
EndProject
Global
	GlobalSection(SolutionConfigurationPlatforms) = preSolution
		Debug|Any CPU = Debug|Any CPU
		Release|Any CPU = Release|Any CPU
	EndGlobalSection
	GlobalSection(ProjectConfigurationPlatforms) = postSolution
		{10753693-4076-4FA5-9FA6-1617AAEB44D9}.Debug|Any CPU.ActiveCfg = Debug|Any CPU
		{10753693-4076-4FA5-9FA6-1617AAEB44D9}.Debug|Any CPU.Build.0 = Debug|Any CPU
		{10753693-4076-4FA5-9FA6-1617AAEB44D9}.Release|Any CPU.ActiveCfg = Release|Any CPU
		{10753693-4076-4FA5-9FA6-1617AAEB44D9}.Release|Any CPU.Build.0 = Release|Any CPU
		{48566C47-607D-4D88-BBF9-AF19FC052A2F}.Debug|Any CPU.ActiveCfg = Debug|Any CPU
		{48566C47-607D-4D88-BBF9-AF19FC052A2F}.Debug|Any CPU.Build.0 = Debug|Any CPU
		{48566C47-607D-4D88-BBF9-AF19FC052A2F}.Release|Any CPU.ActiveCfg = Release|Any CPU
		{48566C47-607D-4D88-BBF9-AF19FC052A2F}.Release|Any CPU.Build.0 = Release|Any CPU
		{1618B9FC-69E6-416B-8DCA-C5A8C7CEF60F}.Debug|Any CPU.ActiveCfg = Debug|Any CPU
		{1618B9FC-69E6-416B-8DCA-C5A8C7CEF60F}.Debug|Any CPU.Build.0 = Debug|Any CPU
		{1618B9FC-69E6-416B-8DCA-C5A8C7CEF60F}.Release|Any CPU.ActiveCfg = Release|Any CPU
		{1618B9FC-69E6-416B-8DCA-C5A8C7CEF60F}.Release|Any CPU.Build.0 = Release|Any CPU
		{90CFA4EE-D190-4343-A413-A4EA076F1BEC}.Debug|Any CPU.ActiveCfg = Debug|Any CPU
		{90CFA4EE-D190-4343-A413-A4EA076F1BEC}.Debug|Any CPU.Build.0 = Debug|Any CPU
		{90CFA4EE-D190-4343-A413-A4EA076F1BEC}.Release|Any CPU.ActiveCfg = Release|Any CPU
		{90CFA4EE-D190-4343-A413-A4EA076F1BEC}.Release|Any CPU.Build.0 = Release|Any CPU
	EndGlobalSection
	GlobalSection(SolutionProperties) = preSolution
		HideSolutionNode = FALSE
	EndGlobalSection
	GlobalSection(NestedProjects) = preSolution
		{10753693-4076-4FA5-9FA6-1617AAEB44D9} = {4548C402-915E-4735-BA23-A158BAFE0E0C}
		{48566C47-607D-4D88-BBF9-AF19FC052A2F} = {4548C402-915E-4735-BA23-A158BAFE0E0C}
		{1618B9FC-69E6-416B-8DCA-C5A8C7CEF60F} = {4548C402-915E-4735-BA23-A158BAFE0E0C}
		{90CFA4EE-D190-4343-A413-A4EA076F1BEC} = {14CD4D3F-0255-46FF-A876-788019D4DB47}
	EndGlobalSection
	GlobalSection(ExtensibilityGlobals) = postSolution
		SolutionGuid = {BF43E7C3-2FB9-49CF-A214-24BBAB8C7219}
	EndGlobalSection
EndGlobal
